
Microsoft Visual Studio Solution File, Format Version 12.00
# Visual Studio Version 17
VisualStudioVersion = 17.12.35527.113 d17.12
MinimumVisualStudioVersion = 10.0.40219.1
Project("{FAE04EC0-301F-11D3-BF4B-00C04F79EFBC}") = "YoutubeDownloaderBotWH", "YoutubeDownloaderBotWH\YoutubeDownloaderBotWH.csproj", "{9A79C3E7-DC5A-4309-A8AF-AD534488CF16}"
EndProject
Global
	GlobalSection(SolutionConfigurationPlatforms) = preSolution
		Debug|Any CPU = Debug|Any CPU
		Release|Any CPU = Release|Any CPU
	EndGlobalSection
	GlobalSection(ProjectConfigurationPlatforms) = postSolution
		{9A79C3E7-DC5A-4309-A8AF-AD534488CF16}.Debug|Any CPU.ActiveCfg = Debug|Any CPU
		{9A79C3E7-DC5A-4309-A8AF-AD534488CF16}.Debug|Any CPU.Build.0 = Debug|Any CPU
		{9A79C3E7-DC5A-4309-A8AF-AD534488CF16}.Release|Any CPU.ActiveCfg = Release|Any CPU
		{9A79C3E7-DC5A-4309-A8AF-AD534488CF16}.Release|Any CPU.Build.0 = Release|Any CPU
	EndGlobalSection
	GlobalSection(SolutionProperties) = preSolution
		HideSolutionNode = FALSE
	EndGlobalSection
EndGlobal
